
Microsoft Visual Studio Solution File, Format Version 12.00
# Visual Studio Version 17
VisualStudioVersion = 17.12.35707.178
MinimumVisualStudioVersion = 10.0.40219.1
Project("{2150E333-8FDC-42A3-9474-1A3956D46DE8}") = "Services", "Services", "{69C716A7-3138-4F85-AE22-8EA97700B500}"
EndProject
Project("{2150E333-8FDC-42A3-9474-1A3956D46DE8}") = "Catalog", "Catalog", "{CB4DA19A-DB56-42C1-A41B-B0F0B90F4423}"
EndProject
Project("{FAE04EC0-301F-11D3-BF4B-00C04F79EFBC}") = "Catalog.API", "Services\Catalog\Catalog.API\Catalog.API.csproj", "{579FC910-5B08-4FC5-AB1C-E2563C66D9F1}"
EndProject
Project("{2150E333-8FDC-42A3-9474-1A3956D46DE8}") = "BuildingBlocks", "BuildingBlocks", "{27E2B477-6E15-4278-A244-1575087A63DC}"
EndProject
Project("{FAE04EC0-301F-11D3-BF4B-00C04F79EFBC}") = "BuildingBlocks", "BuildingBlocks\BuildingBlocks\BuildingBlocks.csproj", "{F75ED5FA-1B8C-46E8-A253-10898C9BCBE7}"
EndProject
Project("{E53339B2-1760-4266-BCC7-CA923CBCF16C}") = "docker-compose", "docker-compose.dcproj", "{C8E4164B-EC87-4005-9B8C-44A73E71D2AE}"
EndProject
Project("{2150E333-8FDC-42A3-9474-1A3956D46DE8}") = "Basket", "Basket", "{2CFA2D55-1432-4532-B782-31BFD7D3AA36}"
EndProject
Project("{FAE04EC0-301F-11D3-BF4B-00C04F79EFBC}") = "Basket_API", "Services\Basket\Basket_API\Basket_API.csproj", "{8C1D81F1-AA07-42DD-8139-BD609703F839}"
EndProject
Project("{2150E333-8FDC-42A3-9474-1A3956D46DE8}") = "Discount", "Discount", "{7A5666B2-D830-4F9A-8FEB-12A680F52793}"
EndProject
Project("{FAE04EC0-301F-11D3-BF4B-00C04F79EFBC}") = "Discount.Grpc", "Services\Discount\Discount.Grpc\Discount.Grpc.csproj", "{67617CF3-EBF4-460A-9576-F6CDB2914D16}"
EndProject
Global
	GlobalSection(SolutionConfigurationPlatforms) = preSolution
		Debug|Any CPU = Debug|Any CPU
		Release|Any CPU = Release|Any CPU
	EndGlobalSection
	GlobalSection(ProjectConfigurationPlatforms) = postSolution
		{579FC910-5B08-4FC5-AB1C-E2563C66D9F1}.Debug|Any CPU.ActiveCfg = Debug|Any CPU
		{579FC910-5B08-4FC5-AB1C-E2563C66D9F1}.Debug|Any CPU.Build.0 = Debug|Any CPU
		{579FC910-5B08-4FC5-AB1C-E2563C66D9F1}.Release|Any CPU.ActiveCfg = Release|Any CPU
		{579FC910-5B08-4FC5-AB1C-E2563C66D9F1}.Release|Any CPU.Build.0 = Release|Any CPU
		{F75ED5FA-1B8C-46E8-A253-10898C9BCBE7}.Debug|Any CPU.ActiveCfg = Debug|Any CPU
		{F75ED5FA-1B8C-46E8-A253-10898C9BCBE7}.Debug|Any CPU.Build.0 = Debug|Any CPU
		{F75ED5FA-1B8C-46E8-A253-10898C9BCBE7}.Release|Any CPU.ActiveCfg = Release|Any CPU
		{F75ED5FA-1B8C-46E8-A253-10898C9BCBE7}.Release|Any CPU.Build.0 = Release|Any CPU
		{C8E4164B-EC87-4005-9B8C-44A73E71D2AE}.Debug|Any CPU.ActiveCfg = Debug|Any CPU
		{C8E4164B-EC87-4005-9B8C-44A73E71D2AE}.Debug|Any CPU.Build.0 = Debug|Any CPU
		{C8E4164B-EC87-4005-9B8C-44A73E71D2AE}.Release|Any CPU.ActiveCfg = Release|Any CPU
		{C8E4164B-EC87-4005-9B8C-44A73E71D2AE}.Release|Any CPU.Build.0 = Release|Any CPU
		{8C1D81F1-AA07-42DD-8139-BD609703F839}.Debug|Any CPU.ActiveCfg = Debug|Any CPU
		{8C1D81F1-AA07-42DD-8139-BD609703F839}.Debug|Any CPU.Build.0 = Debug|Any CPU
		{8C1D81F1-AA07-42DD-8139-BD609703F839}.Release|Any CPU.ActiveCfg = Release|Any CPU
		{8C1D81F1-AA07-42DD-8139-BD609703F839}.Release|Any CPU.Build.0 = Release|Any CPU
		{67617CF3-EBF4-460A-9576-F6CDB2914D16}.Debug|Any CPU.ActiveCfg = Debug|Any CPU
		{67617CF3-EBF4-460A-9576-F6CDB2914D16}.Debug|Any CPU.Build.0 = Debug|Any CPU
		{67617CF3-EBF4-460A-9576-F6CDB2914D16}.Release|Any CPU.ActiveCfg = Release|Any CPU
		{67617CF3-EBF4-460A-9576-F6CDB2914D16}.Release|Any CPU.Build.0 = Release|Any CPU
	EndGlobalSection
	GlobalSection(SolutionProperties) = preSolution
		HideSolutionNode = FALSE
	EndGlobalSection
	GlobalSection(NestedProjects) = preSolution
		{CB4DA19A-DB56-42C1-A41B-B0F0B90F4423} = {69C716A7-3138-4F85-AE22-8EA97700B500}
		{579FC910-5B08-4FC5-AB1C-E2563C66D9F1} = {CB4DA19A-DB56-42C1-A41B-B0F0B90F4423}
		{F75ED5FA-1B8C-46E8-A253-10898C9BCBE7} = {27E2B477-6E15-4278-A244-1575087A63DC}
		{2CFA2D55-1432-4532-B782-31BFD7D3AA36} = {69C716A7-3138-4F85-AE22-8EA97700B500}
		{8C1D81F1-AA07-42DD-8139-BD609703F839} = {2CFA2D55-1432-4532-B782-31BFD7D3AA36}
		{7A5666B2-D830-4F9A-8FEB-12A680F52793} = {69C716A7-3138-4F85-AE22-8EA97700B500}
		{67617CF3-EBF4-460A-9576-F6CDB2914D16} = {7A5666B2-D830-4F9A-8FEB-12A680F52793}
	EndGlobalSection
EndGlobal
